github.com/syalbiar20/go-say-hello v1.0.0 h1:p5t1x5DgCNVH/VXmKvvYB3jzR7SjKEv7GLcDY97vw2Q=
github.com/syalbiar20/go-say-hello v1.0.0/go.mod h1:c4fvsC/WHH8JIgmgvbx9GmF6+ZR7xmy0SuPvEuAlbhs=
github.com/syalbiar20/go-say-hello v1.5.0 h1:8CGT9MgcALxbHWngXLXy4un6RlJy3RA3C3K8MtZX1qY=
github.com/syalbiar20/go-say-hello v1.5.0/go.mod h1:c4fvsC/WHH8JIgmgvbx9GmF6+ZR7xmy0SuPvEuAlbhs=
